// !$*UTF8*$!
{
	archiveVersion = 1;
	classes = {
	};
	objectVersion = 56;
	objects = {

/* Begin PBXBuildFile section */
		960355742C0AF91A00AB03A7 /* BookCaApp.swift in Sources */ = {isa = PBXBuildFile; fileRef = 960355732C0AF91A00AB03A7 /* BookCaApp.swift */; };
		960355762C0AF91A00AB03A7 /* ContentView.swift in Sources */ = {isa = PBXBuildFile; fileRef = 960355752C0AF91A00AB03A7 /* ContentView.swift */; };
		960355782C0AF92200AB03A7 /* Assets.xcassets in Resources */ = {isa = PBXBuildFile; fileRef = 960355772C0AF92200AB03A7 /* Assets.xcassets */; };
		9603557B2C0AF92200AB03A7 /* Preview Assets.xcassets in Resources */ = {isa = PBXBuildFile; fileRef = 9603557A2C0AF92200AB03A7 /* Preview Assets.xcassets */; };
		960355852C0AF92400AB03A7 /* BookCaTests.swift in Sources */ = {isa = PBXBuildFile; fileRef = 960355842C0AF92400AB03A7 /* BookCaTests.swift */; };
		9603558F2C0AF92400AB03A7 /* BookCaUITests.swift in Sources */ = {isa = PBXBuildFile; fileRef = 9603558E2C0AF92400AB03A7 /* BookCaUITests.swift */; };
		960355912C0AF92400AB03A7 /* BookCaUITestsLaunchTests.swift in Sources */ = {isa = PBXBuildFile; fileRef = 960355902C0AF92400AB03A7 /* BookCaUITestsLaunchTests.swift */; };
		9603559E2C0AF93900AB03A7 /* Book.swift in Sources */ = {isa = PBXBuildFile; fileRef = 9603559D2C0AF93900AB03A7 /* Book.swift */; };
/* End PBXBuildFile section */

/* Begin PBXContainerItemProxy section */
		960355812C0AF92400AB03A7 /* PBXContainerItemProxy */ = {
			isa = PBXContainerItemProxy;
			containerPortal = 960355682C0AF91A00AB03A7 /* Project object */;
			proxyType = 1;
			remoteGlobalIDString = 9603556F2C0AF91A00AB03A7;
			remoteInfo = BookCa;
		};
		9603558B2C0AF92400AB03A7 /* PBXContainerItemProxy */ = {
			isa = PBXContainerItemProxy;
			containerPortal = 960355682C0AF91A00AB03A7 /* Project object */;
			proxyType = 1;
			remoteGlobalIDString = 9603556F2C0AF91A00AB03A7;
			remoteInfo = BookCa;
		};
/* End PBXContainerItemProxy section */

/* Begin PBXFileReference section */
		960355702C0AF91A00AB03A7 /* BookCa.app */ = {isa = PBXFileReference; explicitFileType = wrapper.application; includeInIndex = 0; path = BookCa.app; sourceTree = BUILT_PRODUCTS_DIR; };
		960355732C0AF91A00AB03A7 /* BookCaApp.swift */ = {isa = PBXFileReference; lastKnownFileType = sourcecode.swift; path = BookCaApp.swift; sourceTree = "<group>"; };
		960355752C0AF91A00AB03A7 /* ContentView.swift */ = {isa = PBXFileReference; lastKnownFileType = sourcecode.swift; path = ContentView.swift; sourceTree = "<group>"; };
		960355772C0AF92200AB03A7 /* Assets.xcassets */ = {isa = PBXFileReference; lastKnownFileType = folder.assetcatalog; path = Assets.xcassets; sourceTree = "<group>"; };
		9603557A2C0AF92200AB03A7 /* Preview Assets.xcassets */ = {isa = PBXFileReference; lastKnownFileType = folder.assetcatalog; path = "Preview Assets.xcassets"; sourceTree = "<group>"; };
		960355802C0AF92400AB03A7 /* BookCaTests.xctest */ = {isa = PBXFileReference; explicitFileType = wrapper.cfbundle; includeInIndex = 0; path = BookCaTests.xctest; sourceTree = BUILT_PRODUCTS_DIR; };
		960355842C0AF92400AB03A7 /* BookCaTests.swift */ = {isa = PBXFileReference; lastKnownFileType = sourcecode.swift; path = BookCaTests.swift; sourceTree = "<group>"; };
		9603558A2C0AF92400AB03A7 /* BookCaUITests.xctest */ = {isa = PBXFileReference; explicitFileType = wrapper.cfbundle; includeInIndex = 0; path = BookCaUITests.xctest; sourceTree = BUILT_PRODUCTS_DIR; };
		9603558E2C0AF92400AB03A7 /* BookCaUITests.swift */ = {isa = PBXFileReference; lastKnownFileType = sourcecode.swift; path = BookCaUITests.swift; sourceTree = "<group>"; };
		960355902C0AF92400AB03A7 /* BookCaUITestsLaunchTests.swift */ = {isa = PBXFileReference; lastKnownFileType = sourcecode.swift; path = BookCaUITestsLaunchTests.swift; sourceTree = "<group>"; };
		9603559D2C0AF93900AB03A7 /* Book.swift */ = {isa = PBXFileReference; lastKnownFileType = sourcecode.swift; path = Book.swift; sourceTree = "<group>"; };
/* End PBXFileReference section */

/* Begin PBXFrameworksBuildPhase section */
		9603556D2C0AF91A00AB03A7 /* Frameworks */ = {
			isa = PBXFrameworksBuildPhase;
			buildActionMask = 2147483647;
			files = (
			);
			runOnlyForDeploymentPostprocessing = 0;
		};
		9603557D2C0AF92400AB03A7 /* Frameworks */ = {
			isa = PBXFrameworksBuildPhase;
			buildActionMask = 2147483647;
			files = (
			);
			runOnlyForDeploymentPostprocessing = 0;
		};
		960355872C0AF92400AB03A7 /* Frameworks */ = {
			isa = PBXFrameworksBuildPhase;
			buildActionMask = 2147483647;
			files = (
			);
			runOnlyForDeploymentPostprocessing = 0;
		};
/* End PBXFrameworksBuildPhase section */

/* Begin PBXGroup section */
		960355672C0AF91A00AB03A7 = {
			isa = PBXGroup;
			children = (
				960355722C0AF91A00AB03A7 /* BookCa */,
				960355832C0AF92400AB03A7 /* BookCaTests */,
				9603558D2C0AF92400AB03A7 /* BookCaUITests */,
				960355712C0AF91A00AB03A7 /* Products */,
			);
			sourceTree = "<group>";
		};
		960355712C0AF91A00AB03A7 /* Products */ = {
			isa = PBXGroup;
			children = (
				960355702C0AF91A00AB03A7 /* BookCa.app */,
				960355802C0AF92400AB03A7 /* BookCaTests.xctest */,
				9603558A2C0AF92400AB03A7 /* BookCaUITests.xctest */,
			);
			name = Products;
			sourceTree = "<group>";
		};
		960355722C0AF91A00AB03A7 /* BookCa */ = {
			isa = PBXGroup;
			children = (
				960355732C0AF91A00AB03A7 /* BookCaApp.swift */,
				960355752C0AF91A00AB03A7 /* ContentView.swift */,
				9603559D2C0AF93900AB03A7 /* Book.swift */,
				960355772C0AF92200AB03A7 /* Assets.xcassets */,
				960355792C0AF92200AB03A7 /* Preview Content */,
			);
			path = BookCa;
			sourceTree = "<group>";
		};
		960355792C0AF92200AB03A7 /* Preview Content */ = {
			isa = PBXGroup;
			children = (
				9603557A2C0AF92200AB03A7 /* Preview Assets.xcassets */,
			);
			path = "Preview Content";
			sourceTree = "<group>";
		};
		960355832C0AF92400AB03A7 /* BookCaTests */ = {
			isa = PBXGroup;
			children = (
				960355842C0AF92400AB03A7 /* BookCaTests.swift */,
			);
			path = BookCaTests;
			sourceTree = "<group>";
		};
		9603558D2C0AF92400AB03A7 /* BookCaUITests */ = {
			isa = PBXGroup;
			children = (
				9603558E2C0AF92400AB03A7 /* BookCaUITests.swift */,
				960355902C0AF92400AB03A7 /* BookCaUITestsLaunchTests.swift */,
			);
			path = BookCaUITests;
			sourceTree = "<group>";
		};
/* End PBXGroup section */

/* Begin PBXNativeTarget section */
		9603556F2C0AF91A00AB03A7 /* BookCa */ = {
			isa = PBXNativeTarget;
			buildConfigurationList = 960355942C0AF92400AB03A7 /* Build configuration list for PBXNativeTarget "BookCa" */;
			buildPhases = (
				9603556C2C0AF91A00AB03A7 /* Sources */,
				9603556D2C0AF91A00AB03A7 /* Frameworks */,
				9603556E2C0AF91A00AB03A7 /* Resources */,
			);
			buildRules = (
			);
			dependencies = (
			);
			name = BookCa;
			productName = BookCa;
			productReference = 960355702C0AF91A00AB03A7 /* BookCa.app */;
			productType = "com.apple.product-type.application";
		};
		9603557F2C0AF92400AB03A7 /* BookCaTests */ = {
			isa = PBXNativeTarget;
			buildConfigurationList = 960355972C0AF92400AB03A7 /* Build configuration list for PBXNativeTarget "BookCaTests" */;
			buildPhases = (
				9603557C2C0AF92400AB03A7 /* Sources */,
				9603557D2C0AF92400AB03A7 /* Frameworks */,
				9603557E2C0AF92400AB03A7 /* Resources */,
			);
			buildRules = (
			);
			dependencies = (
				960355822C0AF92400AB03A7 /* PBXTargetDependency */,
			);
			name = BookCaTests;
			productName = BookCaTests;
			productReference = 960355802C0AF92400AB03A7 /* BookCaTests.xctest */;
			productType = "com.apple.product-type.bundle.unit-test";
		};
		960355892C0AF92400AB03A7 /* BookCaUITests */ = {
			isa = PBXNativeTarget;
			buildConfigurationList = 9603559A2C0AF92400AB03A7 /* Build configuration list for PBXNativeTarget "BookCaUITests" */;
			buildPhases = (
				960355862C0AF92400AB03A7 /* Sources */,
				960355872C0AF92400AB03A7 /* Frameworks */,
				960355882C0AF92400AB03A7 /* Resources */,
			);
			buildRules = (
			);
			dependencies = (
				9603558C2C0AF92400AB03A7 /* PBXTargetDependency */,
			);
			name = BookCaUITests;
			productName = BookCaUITests;
			productReference = 9603558A2C0AF92400AB03A7 /* BookCaUITests.xctest */;
			productType = "com.apple.product-type.bundle.ui-testing";
		};
/* End PBXNativeTarget section */

/* Begin PBXProject section */
		960355682C0AF91A00AB03A7 /* Project object */ = {
			isa = PBXProject;
			attributes = {
				BuildIndependentTargetsInParallel = 1;
				LastSwiftUpdateCheck = 1520;
				LastUpgradeCheck = 1520;
				TargetAttributes = {
					9603556F2C0AF91A00AB03A7 = {
						CreatedOnToolsVersion = 15.2;
					};
					9603557F2C0AF92400AB03A7 = {
						CreatedOnToolsVersion = 15.2;
						TestTargetID = 9603556F2C0AF91A00AB03A7;
					};
					960355892C0AF92400AB03A7 = {
						CreatedOnToolsVersion = 15.2;
						TestTargetID = 9603556F2C0AF91A00AB03A7;
					};
				};
			};
			buildConfigurationList = 9603556B2C0AF91A00AB03A7 /* Build configuration list for PBXProject "BookCa" */;
			compatibilityVersion = "Xcode 14.0";
			developmentRegion = en;
			hasScannedForEncodings = 0;
			knownRegions = (
				en,
				Base,
			);
			mainGroup = 960355672C0AF91A00AB03A7;
			productRefGroup = 960355712C0AF91A00AB03A7 /* Products */;
			projectDirPath = "";
			projectRoot = "";
			targets = (
				9603556F2C0AF91A00AB03A7 /* BookCa */,
				9603557F2C0AF92400AB03A7 /* BookCaTests */,
				960355892C0AF92400AB03A7 /* BookCaUITests */,
			);
		};
/* End PBXProject section */

/* Begin PBXResourcesBuildPhase section */
		9603556E2C0AF91A00AB03A7 /* Resources */ = {
			isa = PBXResourcesBuildPhase;
			buildActionMask = 2147483647;
			files = (
				9603557B2C0AF92200AB03A7 /* Preview Assets.xcassets in Resources */,
				960355782C0AF92200AB03A7 /* Assets.xcassets in Resources */,
			);
			runOnlyForDeploymentPostprocessing = 0;
		};
		9603557E2C0AF92400AB03A7 /* Resources */ = {
			isa = PBXResourcesBuildPhase;
			buildActionMask = 2147483647;
			files = (
			);
			runOnlyForDeploymentPostprocessing = 0;
		};
		960355882C0AF92400AB03A7 /* Resources */ = {
			isa = PBXResourcesBuildPhase;
			buildActionMask = 2147483647;
			files = (
			);
			runOnlyForDeploymentPostprocessing = 0;
		};
/* End PBXResourcesBuildPhase section */

/* Begin PBXSourcesBuildPhase section */
		9603556C2C0AF91A00AB03A7 /* Sources */ = {
			isa = PBXSourcesBuildPhase;
			buildActionMask = 2147483647;
			files = (
				960355762C0AF91A00AB03A7 /* ContentView.swift in Sources */,
				960355742C0AF91A00AB03A7 /* BookCaApp.swift in Sources */,
				9603559E2C0AF93900AB03A7 /* Book.swift in Sources */,
			);
			runOnlyForDeploymentPostprocessing = 0;
		};
		9603557C2C0AF92400AB03A7 /* Sources */ = {
			isa = PBXSourcesBuildPhase;
			buildActionMask = 2147483647;
			files = (
				960355852C0AF92400AB03A7 /* BookCaTests.swift in Sources */,
			);
			runOnlyForDeploymentPostprocessing = 0;
		};
		960355862C0AF92400AB03A7 /* Sources */ = {
			isa = PBXSourcesBuildPhase;
			buildActionMask = 2147483647;
			files = (
				9603558F2C0AF92400AB03A7 /* BookCaUITests.swift in Sources */,
				960355912C0AF92400AB03A7 /* BookCaUITestsLaunchTests.swift in Sources */,
			);
			runOnlyForDeploymentPostprocessing = 0;
		};
/* End PBXSourcesBuildPhase section */

/* Begin PBXTargetDependency section */
		960355822C0AF92400AB03A7 /* PBXTargetDependency */ = {
			isa = PBXTargetDependency;
			target = 9603556F2C0AF91A00AB03A7 /* BookCa */;
			targetProxy = 960355812C0AF92400AB03A7 /* PBXContainerItemProxy */;
		};
		9603558C2C0AF92400AB03A7 /* PBXTargetDependency */ = {
			isa = PBXTargetDependency;
			target = 9603556F2C0AF91A00AB03A7 /* BookCa */;
			targetProxy = 9603558B2C0AF92400AB03A7 /* PBXContainerItemProxy */;
		};
/* End PBXTargetDependency section */

/* Begin XCBuildConfiguration section */
		960355922C0AF92400AB03A7 /* Debug */ = {
			isa = XCBuildConfiguration;
			buildSettings = {
				ALWAYS_SEARCH_USER_PATHS = NO;
				ASSETCATALOG_COMPILER_GENERATE_SWIFT_ASSET_SYMBOL_EXTENSIONS = YES;
				CLANG_ANALYZER_NONNULL = YES;
				CLANG_ANALYZER_NUMBER_OBJECT_CONVERSION = YES_AGGRESSIVE;
				CLANG_CXX_LANGUAGE_STANDARD = "gnu++20";
				CLANG_ENABLE_MODULES = YES;
				CLANG_ENABLE_OBJC_ARC = YES;
				CLANG_ENABLE_OBJC_WEAK = YES;
				CLANG_WARN_BLOCK_CAPTURE_AUTORELEASING = YES;
				CLANG_WARN_BOOL_CONVERSION = YES;
				CLANG_WARN_COMMA = YES;
				CLANG_WARN_CONSTANT_CONVERSION = YES;
				CLANG_WARN_DEPRECATED_OBJC_IMPLEMENTATIONS = YES;
				CLANG_WARN_DIRECT_OBJC_ISA_USAGE = YES_ERROR;
				CLANG_WARN_DOCUMENTATION_COMMENTS = YES;
				CLANG_WARN_EMPTY_BODY = YES;
				CLANG_WARN_ENUM_CONVERSION = YES;
				CLANG_WARN_INFINITE_RECURSION = YES;
				CLANG_WARN_INT_CONVERSION = YES;
				CLANG_WARN_NON_LITERAL_NULL_CONVERSION = YES;
				CLANG_WARN_OBJC_IMPLICIT_RETAIN_SELF = YES;
				CLANG_WARN_OBJC_LITERAL_CONVERSION = YES;
				CLANG_WARN_OBJC_ROOT_CLASS = YES_ERROR;
				CLANG_WARN_QUOTED_INCLUDE_IN_FRAMEWORK_HEADER = YES;
				CLANG_WARN_RANGE_LOOP_ANALYSIS = YES;
				CLANG_WARN_STRICT_PROTOTYPES = YES;
				CLANG_WARN_SUSPICIOUS_MOVE = YES;
				CLANG_WARN_UNGUARDED_AVAILABILITY = YES_AGGRESSIVE;
				CLANG_WARN_UNREACHABLE_CODE = YES;
				CLANG_WARN__DUPLICATE_METHOD_MATCH = YES;
				COPY_PHASE_STRIP = NO;
				DEBUG_INFORMATION_FORMAT = dwarf;
				ENABLE_STRICT_OBJC_MSGSEND = YES;
				ENABLE_TESTABILITY = YES;
				ENABLE_USER_SCRIPT_SANDBOXING = YES;
				GCC_C_LANGUAGE_STANDARD = gnu17;
				GCC_DYNAMIC_NO_PIC = NO;
				GCC_NO_COMMON_BLOCKS = YES;
				GCC_OPTIMIZATION_LEVEL = 0;
				GCC_PREPROCESSOR_DEFINITIONS = (
					"DEBUG=1",
					"$(inherited)",
				);
				GCC_WARN_64_TO_32_BIT_CONVERSION = YES;
				GCC_WARN_ABOUT_RETURN_TYPE = YES_ERROR;
				GCC_WARN_UNDECLARED_SELECTOR = YES;
				GCC_WARN_UNINITIALIZED_AUTOS = YES_AGGRESSIVE;
				GCC_WARN_UNUSED_FUNCTION = YES;
				GCC_WARN_UNUSED_VARIABLE = YES;
				IPHONEOS_DEPLOYMENT_TARGET = 17.2;
				LOCALIZATION_PREFERS_STRING_CATALOGS = YES;
				MTL_ENABLE_DEBUG_INFO = INCLUDE_SOURCE;
				MTL_FAST_MATH = YES;
				ONLY_ACTIVE_ARCH = YES;
				SDKROOT = iphoneos;
				SWIFT_ACTIVE_COMPILATION_CONDITIONS = "DEBUG $(inherited)";
				SWIFT_OPTIMIZATION_LEVEL = "-Onone";
			};
			name = Debug;
		};
		960355932C0AF92400AB03A7 /* Release */ = {
			isa = XCBuildConfiguration;
			buildSettings = {
				ALWAYS_SEARCH_USER_PATHS = NO;
				ASSETCATALOG_COMPILER_GENERATE_SWIFT_ASSET_SYMBOL_EXTENSIONS = YES;
				CLANG_ANALYZER_NONNULL = YES;
				CLANG_ANALYZER_NUMBER_OBJECT_CONVERSION = YES_AGGRESSIVE;
				CLANG_CXX_LANGUAGE_STANDARD = "gnu++20";
				CLANG_ENABLE_MODULES = YES;
				CLANG_ENABLE_OBJC_ARC = YES;
				CLANG_ENABLE_OBJC_WEAK = YES;
				CLANG_WARN_BLOCK_CAPTURE_AUTORELEASING = YES;
				CLANG_WARN_BOOL_CONVERSION = YES;
				CLANG_WARN_COMMA = YES;
				CLANG_WARN_CONSTANT_CONVERSION = YES;
				CLANG_WARN_DEPRECATED_OBJC_IMPLEMENTATIONS = YES;
				CLANG_WARN_DIRECT_OBJC_ISA_USAGE = YES_ERROR;
				CLANG_WARN_DOCUMENTATION_COMMENTS = YES;
				CLANG_WARN_EMPTY_BODY = YES;
				CLANG_WARN_ENUM_CONVERSION = YES;
				CLANG_WARN_INFINITE_RECURSION = YES;
				CLANG_WARN_INT_CONVERSION = YES;
				CLANG_WARN_NON_LITERAL_NULL_CONVERSION = YES;
				CLANG_WARN_OBJC_IMPLICIT_RETAIN_SELF = YES;
				CLANG_WARN_OBJC_LITERAL_CONVERSION = YES;
				CLANG_WARN_OBJC_ROOT_CLASS = YES_ERROR;
				CLANG_WARN_QUOTED_INCLUDE_IN_FRAMEWORK_HEADER = YES;
				CLANG_WARN_RANGE_LOOP_ANALYSIS = YES;
				CLANG_WARN_STRICT_PROTOTYPES = YES;
				CLANG_WARN_SUSPICIOUS_MOVE = YES;
				CLANG_WARN_UNGUARDED_AVAILABILITY = YES_AGGRESSIVE;
				CLANG_WARN_UNREACHABLE_CODE = YES;
				CLANG_WARN__DUPLICATE_METHOD_MATCH = YES;
				COPY_PHASE_STRIP = NO;
				DEBUG_INFORMATION_FORMAT = "dwarf-with-dsym";
				ENABLE_NS_ASSERTIONS = NO;
				ENABLE_STRICT_OBJC_MSGSEND = YES;
				ENABLE_USER_SCRIPT_SANDBOXING = YES;
				GCC_C_LANGUAGE_STANDARD = gnu17;
				GCC_NO_COMMON_BLOCKS = YES;
				GCC_WARN_64_TO_32_BIT_CONVERSION = YES;
				GCC_WARN_ABOUT_RETURN_TYPE = YES_ERROR;
				GCC_WARN_UNDECLARED_SELECTOR = YES;
				GCC_WARN_UNINITIALIZED_AUTOS = YES_AGGRESSIVE;
				GCC_WARN_UNUSED_FUNCTION = YES;
				GCC_WARN_UNUSED_VARIABLE = YES;
				IPHONEOS_DEPLOYMENT_TARGET = 17.2;
				LOCALIZATION_PREFERS_STRING_CATALOGS = YES;
				MTL_ENABLE_DEBUG_INFO = NO;
				MTL_FAST_MATH = YES;
				SDKROOT = iphoneos;
				SWIFT_COMPILATION_MODE = wholemodule;
				VALIDATE_PRODUCT = YES;
			};
			name = Release;
		};
		960355952C0AF92400AB03A7 /* Debug */ = {
			isa = XCBuildConfiguration;
			buildSettings = {
				ASSETCATALOG_COMPILER_APPICON_NAME = AppIcon;
				ASSETCATALOG_COMPILER_GLOBAL_ACCENT_COLOR_NAME = AccentColor;
				CODE_SIGN_STYLE = Automatic;
				CURRENT_PROJECT_VERSION = 1;
				DEVELOPMENT_ASSET_PATHS = "\"BookCa/Preview Content\"";
				DEVELOPMENT_TEAM = JP9F6KG68S;
				ENABLE_PREVIEWS = YES;
				GENERATE_INFOPLIST_FILE = YES;
				INFOPLIST_KEY_UIApplicationSceneManifest_Generation = YES;
				INFOPLIST_KEY_UIApplicationSupportsIndirectInputEvents = YES;
				INFOPLIST_KEY_UILaunchScreen_Generation = YES;
				INFOPLIST_KEY_UISupportedInterfaceOrientations_iPad = "UIInterfaceOrientationPortrait UIInterfaceOrientationPortraitUpsideDown UIInterfaceOrientationLandscapeLeft UIInterfaceOrientationLandscapeRight";
				INFOPLIST_KEY_UISupportedInterfaceOrientations_iPhone = "UIInterfaceOrientationPortrait UIInterfaceOrientationLandscapeLeft UIInterfaceOrientationLandscapeRight";
				LD_RUNPATH_SEARCH_PATHS = (
					"$(inherited)",
					"@executable_path/Frameworks",
				);
				MARKETING_VERSION = 1.0;
				PRODUCT_BUNDLE_IDENTIFIER = com.maurodeoliveira.BookCa;
				PRODUCT_NAME = "$(TARGET_NAME)";
				SWIFT_EMIT_LOC_STRINGS = YES;
				SWIFT_VERSION = 5.0;
				TARGETED_DEVICE_FAMILY = "1,2";
			};
			name = Debug;
		};
		960355962C0AF92400AB03A7 /* Release */ = {
			isa = XCBuildConfiguration;
			buildSettings = {
				ASSETCATALOG_COMPILER_APPICON_NAME = AppIcon;
				ASSETCATALOG_COMPILER_GLOBAL_ACCENT_COLOR_NAME = AccentColor;
				CODE_SIGN_STYLE = Automatic;
				CURRENT_PROJECT_VERSION = 1;
				DEVELOPMENT_ASSET_PATHS = "\"BookCa/Preview Content\"";
				DEVELOPMENT_TEAM = JP9F6KG68S;
				ENABLE_PREVIEWS = YES;
				GENERATE_INFOPLIST_FILE = YES;
				INFOPLIST_KEY_UIApplicationSceneManifest_Generation = YES;
				INFOPLIST_KEY_UIApplicationSupportsIndirectInputEvents = YES;
				INFOPLIST_KEY_UILaunchScreen_Generation = YES;
				INFOPLIST_KEY_UISupportedInterfaceOrientations_iPad = "UIInterfaceOrientationPortrait UIInterfaceOrientationPortraitUpsideDown UIInterfaceOrientationLandscapeLeft UIInterfaceOrientationLandscapeRight";
				INFOPLIST_KEY_UISupportedInterfaceOrientations_iPhone = "UIInterfaceOrientationPortrait UIInterfaceOrientationLandscapeLeft UIInterfaceOrientationLandscapeRight";
				LD_RUNPATH_SEARCH_PATHS = (
					"$(inherited)",
					"@executable_path/Frameworks",
				);
				MARKETING_VERSION = 1.0;
				PRODUCT_BUNDLE_IDENTIFIER = com.maurodeoliveira.BookCa;
				PRODUCT_NAME = "$(TARGET_NAME)";
				SWIFT_EMIT_LOC_STRINGS = YES;
				SWIFT_VERSION = 5.0;
				TARGETED_DEVICE_FAMILY = "1,2";
			};
			name = Release;
		};
		960355982C0AF92400AB03A7 /* Debug */ = {
			isa = XCBuildConfiguration;
			buildSettings = {
				ALWAYS_EMBED_SWIFT_STANDARD_LIBRARIES = YES;
				BUNDLE_LOADER = "$(TEST_HOST)";
				CODE_SIGN_STYLE = Automatic;
				CURRENT_PROJECT_VERSION = 1;
				DEVELOPMENT_TEAM = JP9F6KG68S;
				GENERATE_INFOPLIST_FILE = YES;
				IPHONEOS_DEPLOYMENT_TARGET = 17.2;
				MARKETING_VERSION = 1.0;
				PRODUCT_BUNDLE_IDENTIFIER = com.maurodeoliveira.BookCaTests;
				PRODUCT_NAME = "$(TARGET_NAME)";
				SWIFT_EMIT_LOC_STRINGS = NO;
				SWIFT_VERSION = 5.0;
				TARGETED_DEVICE_FAMILY = "1,2";
				TEST_HOST = "$(BUILT_PRODUCTS_DIR)/BookCa.app/$(BUNDLE_EXECUTABLE_FOLDER_PATH)/BookCa";
			};
			name = Debug;
		};
		960355992C0AF92400AB03A7 /* Release */ = {
			isa = XCBuildConfiguration;
			buildSettings = {
				ALWAYS_EMBED_SWIFT_STANDARD_LIBRARIES = YES;
				BUNDLE_LOADER = "$(TEST_HOST)";
				CODE_SIGN_STYLE = Automatic;
				CURRENT_PROJECT_VERSION = 1;
				DEVELOPMENT_TEAM = JP9F6KG68S;
				GENERATE_INFOPLIST_FILE = YES;
				IPHONEOS_DEPLOYMENT_TARGET = 17.2;
				MARKETING_VERSION = 1.0;
				PRODUCT_BUNDLE_IDENTIFIER = com.maurodeoliveira.BookCaTests;
				PRODUCT_NAME = "$(TARGET_NAME)";
				SWIFT_EMIT_LOC_STRINGS = NO;
				SWIFT_VERSION = 5.0;
				TARGETED_DEVICE_FAMILY = "1,2";
				TEST_HOST = "$(BUILT_PRODUCTS_DIR)/BookCa.app/$(BUNDLE_EXECUTABLE_FOLDER_PATH)/BookCa";
			};
			name = Release;
		};
		9603559B2C0AF92400AB03A7 /* Debug */ = {
			isa = XCBuildConfiguration;
			buildSettings = {
				ALWAYS_EMBED_SWIFT_STANDARD_LIBRARIES = YES;
				CODE_SIGN_STYLE = Automatic;
				CURRENT_PROJECT_VERSION = 1;
				DEVELOPMENT_TEAM = JP9F6KG68S;
				GENERATE_INFOPLIST_FILE = YES;
				MARKETING_VERSION = 1.0;
				PRODUCT_BUNDLE_IDENTIFIER = com.maurodeoliveira.BookCaUITests;
				PRODUCT_NAME = "$(TARGET_NAME)";
				SWIFT_EMIT_LOC_STRINGS = NO;
				SWIFT_VERSION = 5.0;
				TARGETED_DEVICE_FAMILY = "1,2";
				TEST_TARGET_NAME = BookCa;
			};
			name = Debug;
		};
		9603559C2C0AF92400AB03A7 /* Release */ = {
			isa = XCBuildConfiguration;
			buildSettings = {
				ALWAYS_EMBED_SWIFT_STANDARD_LIBRARIES = YES;
				CODE_SIGN_STYLE = Automatic;
				CURRENT_PROJECT_VERSION = 1;
				DEVELOPMENT_TEAM = JP9F6KG68S;
				GENERATE_INFOPLIST_FILE = YES;
				MARKETING_VERSION = 1.0;
				PRODUCT_BUNDLE_IDENTIFIER = com.maurodeoliveira.BookCaUITests;
				PRODUCT_NAME = "$(TARGET_NAME)";
				SWIFT_EMIT_LOC_STRINGS = NO;
				SWIFT_VERSION = 5.0;
				TARGETED_DEVICE_FAMILY = "1,2";
				TEST_TARGET_NAME = BookCa;
			};
			name = Release;
		};
/* End XCBuildConfiguration section */

/* Begin XCConfigurationList section */
		9603556B2C0AF91A00AB03A7 /* Build configuration list for PBXProject "BookCa" */ = {
			isa = XCConfigurationList;
			buildConfigurations = (
				960355922C0AF92400AB03A7 /* Debug */,
				960355932C0AF92400AB03A7 /* Release */,
			);
			defaultConfigurationIsVisible = 0;
			defaultConfigurationName = Release;
		};
		960355942C0AF92400AB03A7 /* Build configuration list for PBXNativeTarget "BookCa" */ = {
			isa = XCConfigurationList;
			buildConfigurations = (
				960355952C0AF92400AB03A7 /* Debug */,
				960355962C0AF92400AB03A7 /* Release */,
			);
			defaultConfigurationIsVisible = 0;
			defaultConfigurationName = Release;
		};
		960355972C0AF92400AB03A7 /* Build configuration list for PBXNativeTarget "BookCaTests" */ = {
			isa = XCConfigurationList;
			buildConfigurations = (
				960355982C0AF92400AB03A7 /* Debug */,
				960355992C0AF92400AB03A7 /* Release */,
			);
			defaultConfigurationIsVisible = 0;
			defaultConfigurationName = Release;
		};
		9603559A2C0AF92400AB03A7 /* Build configuration list for PBXNativeTarget "BookCaUITests" */ = {
			isa = XCConfigurationList;
			buildConfigurations = (
				9603559B2C0AF92400AB03A7 /* Debug */,
				9603559C2C0AF92400AB03A7 /* Release */,
			);
			defaultConfigurationIsVisible = 0;
			defaultConfigurationName = Release;
		};
/* End XCConfigurationList section */
	};
	rootObject = 960355682C0AF91A00AB03A7 /* Project object */;
}
